
Microsoft Visual Studio Solution File, Format Version 12.00
# Visual Studio Version 17
VisualStudioVersion = 17.13.35825.156 d17.13
MinimumVisualStudioVersion = 10.0.40219.1
Project("{FAE04EC0-301F-11D3-BF4B-00C04F79EFBC}") = "Галерея", "Галерея\Галерея.csproj", "{1891EBC4-6833-4C1E-8AA6-A7CFA6370D79}"
EndProject
Global
	GlobalSection(SolutionConfigurationPlatforms) = preSolution
		Debug|Any CPU = Debug|Any CPU
		Release|Any CPU = Release|Any CPU
	EndGlobalSection
	GlobalSection(ProjectConfigurationPlatforms) = postSolution
		{1891EBC4-6833-4C1E-8AA6-A7CFA6370D79}.Debug|Any CPU.ActiveCfg = Debug|Any CPU
		{1891EBC4-6833-4C1E-8AA6-A7CFA6370D79}.Debug|Any CPU.Build.0 = Debug|Any CPU
		{1891EBC4-6833-4C1E-8AA6-A7CFA6370D79}.Release|Any CPU.ActiveCfg = Release|Any CPU
		{1891EBC4-6833-4C1E-8AA6-A7CFA6370D79}.Release|Any CPU.Build.0 = Release|Any CPU
	EndGlobalSection
	GlobalSection(SolutionProperties) = preSolution
		HideSolutionNode = FALSE
	EndGlobalSection
	GlobalSection(ExtensibilityGlobals) = postSolution
		SolutionGuid = {1E493724-35F1-4653-90B0-878EB1B04351}
	EndGlobalSection
EndGlobal
